// !$*UTF8*$!
{
	archiveVersion = 1;
	classes = {
	};
	objectVersion = 56;
	objects = {

/* Begin PBXBuildFile section */
		194B428B2A11EDF2005FE25C /* Shaders.metal in Sources */ = {isa = PBXBuildFile; fileRef = 196311812A0CD5F400DED30D /* Shaders.metal */; };
		194B428E2A121783005FE25C /* train.usd in Resources */ = {isa = PBXBuildFile; fileRef = 194B428D2A12171D005FE25C /* train.usd */; };
		194B42922A12600C005FE25C /* GraphicsMathematics.swift in Sources */ = {isa = PBXBuildFile; fileRef = 194B42912A12600C005FE25C /* GraphicsMathematics.swift */; };
		196830882983D26F002232A7 /* ChordRecogniser.swift in Sources */ = {isa = PBXBuildFile; fileRef = 196830872983D26F002232A7 /* ChordRecogniser.swift */; };
		1968308B2983E6CA002232A7 /* DequeModule in Frameworks */ = {isa = PBXBuildFile; productRef = 1968308A2983E6CA002232A7 /* DequeModule */; };
		197CCB4C29A0D2A8005BFEC0 /* MetalView.swift in Sources */ = {isa = PBXBuildFile; fileRef = 197CCB4B29A0D2A8005BFEC0 /* MetalView.swift */; };
		1982433C29BC9692001B7B0D /* KeyboardModel.swift in Sources */ = {isa = PBXBuildFile; fileRef = 1982433B29BC9692001B7B0D /* KeyboardModel.swift */; };
		1982433E29BEE562001B7B0D /* DissonanceMeasure.swift in Sources */ = {isa = PBXBuildFile; fileRef = 1982433D29BEE562001B7B0D /* DissonanceMeasure.swift */; };
		19D46D962A0DE2AB009F6E2F /* GraphicsWorld.swift in Sources */ = {isa = PBXBuildFile; fileRef = 19D46D952A0DE2AB009F6E2F /* GraphicsWorld.swift */; };
		19D46D9C2A0FA59D009F6E2F /* GraphicsModel.swift in Sources */ = {isa = PBXBuildFile; fileRef = 19D46D9B2A0FA59D009F6E2F /* GraphicsModel.swift */; };
		19D46D9E2A0FA627009F6E2F /* GraphicsMesh.swift in Sources */ = {isa = PBXBuildFile; fileRef = 19D46D9D2A0FA627009F6E2F /* GraphicsMesh.swift */; };
		19D46DA02A0FA929009F6E2F /* GraphicsSubmesh.swift in Sources */ = {isa = PBXBuildFile; fileRef = 19D46D9F2A0FA929009F6E2F /* GraphicsSubmesh.swift */; };
		19D8E2A3298605880003B5EC /* Miscellaneous.swift in Sources */ = {isa = PBXBuildFile; fileRef = 19D8E2A2298605880003B5EC /* Miscellaneous.swift */; };
		19E2CC63294AB74400DFE7F9 /* Pitch.swift in Sources */ = {isa = PBXBuildFile; fileRef = 19E2CC62294AB74400DFE7F9 /* Pitch.swift */; };
		19E2CC69294DCB2100DFE7F9 /* CoreMIDIRealTime.mm in Sources */ = {isa = PBXBuildFile; fileRef = 19E2CC66294DCB2100DFE7F9 /* CoreMIDIRealTime.mm */; };
		19E2CC7B294DDC1F00DFE7F9 /* CoreMIDIConnection.swift in Sources */ = {isa = PBXBuildFile; fileRef = 19E2CC7A294DDC1F00DFE7F9 /* CoreMIDIConnection.swift */; };
		19E456C929494ABF0037DF4B /* Chord_AnalyserApp.swift in Sources */ = {isa = PBXBuildFile; fileRef = 19E456C829494ABF0037DF4B /* Chord_AnalyserApp.swift */; };
		19E456CB29494ABF0037DF4B /* KeyboardView.swift in Sources */ = {isa = PBXBuildFile; fileRef = 19E456CA29494ABF0037DF4B /* KeyboardView.swift */; };
		19E456CD29494AC00037DF4B /* Assets.xcassets in Resources */ = {isa = PBXBuildFile; fileRef = 19E456CC29494AC00037DF4B /* Assets.xcassets */; };
		19E456D529494AC00037DF4B /* Chord_Analyser.xcdatamodeld in Sources */ = {isa = PBXBuildFile; fileRef = 19E456D329494AC00037DF4B /* Chord_Analyser.xcdatamodeld */; };
		19EA6F392A1065BB00F3070E /* VertexDescriptor.swift in Sources */ = {isa = PBXBuildFile; fileRef = 19EA6F382A1065BB00F3070E /* VertexDescriptor.swift */; };
		19EA6F3F2A106ACE00F3070E /* lowpoly-house.mtl in Resources */ = {isa = PBXBuildFile; fileRef = 19EA6F3D2A106ACE00F3070E /* lowpoly-house.mtl */; };
		19EA6F402A106ACE00F3070E /* lowpoly-house.obj in Resources */ = {isa = PBXBuildFile; fileRef = 19EA6F3E2A106ACE00F3070E /* lowpoly-house.obj */; };
		19F12BF729A1BB380064B3E7 /* Renderer.swift in Sources */ = {isa = PBXBuildFile; fileRef = 19F12BF629A1BB380064B3E7 /* Renderer.swift */; };
/* End PBXBuildFile section */

/* Begin PBXFileReference section */
		191830362982A970002D8FAB /* Chord Analyser-Bridging-Header.h */ = {isa = PBXFileReference; fileEncoding = 4; lastKnownFileType = sourcecode.c.h; path = "Chord Analyser-Bridging-Header.h"; sourceTree = "<group>"; };
		194B428D2A12171D005FE25C /* train.usd */ = {isa = PBXFileReference; lastKnownFileType = file; path = train.usd; sourceTree = "<group>"; };
		194B42902A125852005FE25C /* Common.h */ = {isa = PBXFileReference; lastKnownFileType = sourcecode.c.h; path = Common.h; sourceTree = "<group>"; };
		194B42912A12600C005FE25C /* GraphicsMathematics.swift */ = {isa = PBXFileReference; lastKnownFileType = sourcecode.swift; path = GraphicsMathematics.swift; sourceTree = "<group>"; };
		196311812A0CD5F400DED30D /* Shaders.metal */ = {isa = PBXFileReference; lastKnownFileType = sourcecode.metal; path = Shaders.metal; sourceTree = "<group>"; };
		196830872983D26F002232A7 /* ChordRecogniser.swift */ = {isa = PBXFileReference; lastKnownFileType = sourcecode.swift; path = ChordRecogniser.swift; sourceTree = "<group>"; };
		197CCB4B29A0D2A8005BFEC0 /* MetalView.swift */ = {isa = PBXFileReference; lastKnownFileType = sourcecode.swift; path = MetalView.swift; sourceTree = "<group>"; };
		1982433B29BC9692001B7B0D /* KeyboardModel.swift */ = {isa = PBXFileReference; lastKnownFileType = sourcecode.swift; path = KeyboardModel.swift; sourceTree = "<group>"; };
		1982433D29BEE562001B7B0D /* DissonanceMeasure.swift */ = {isa = PBXFileReference; lastKnownFileType = sourcecode.swift; path = DissonanceMeasure.swift; sourceTree = "<group>"; };
		19D46D952A0DE2AB009F6E2F /* GraphicsWorld.swift */ = {isa = PBXFileReference; lastKnownFileType = sourcecode.swift; path = GraphicsWorld.swift; sourceTree = "<group>"; };
		19D46D9B2A0FA59D009F6E2F /* GraphicsModel.swift */ = {isa = PBXFileReference; lastKnownFileType = sourcecode.swift; path = GraphicsModel.swift; sourceTree = "<group>"; };
		19D46D9D2A0FA627009F6E2F /* GraphicsMesh.swift */ = {isa = PBXFileReference; lastKnownFileType = sourcecode.swift; path = GraphicsMesh.swift; sourceTree = "<group>"; };
		19D46D9F2A0FA929009F6E2F /* GraphicsSubmesh.swift */ = {isa = PBXFileReference; lastKnownFileType = sourcecode.swift; path = GraphicsSubmesh.swift; sourceTree = "<group>"; };
		19D8E2A2298605880003B5EC /* Miscellaneous.swift */ = {isa = PBXFileReference; lastKnownFileType = sourcecode.swift; path = Miscellaneous.swift; sourceTree = "<group>"; };
		19E2CC62294AB74400DFE7F9 /* Pitch.swift */ = {isa = PBXFileReference; lastKnownFileType = sourcecode.swift; path = Pitch.swift; sourceTree = "<group>"; };
		19E2CC66294DCB2100DFE7F9 /* CoreMIDIRealTime.mm */ = {isa = PBXFileReference; fileEncoding = 4; lastKnownFileType = sourcecode.cpp.objcpp; path = CoreMIDIRealTime.mm; sourceTree = "<group>"; };
		19E2CC67294DCB2100DFE7F9 /* CoreMIDIRealTime.h */ = {isa = PBXFileReference; fileEncoding = 4; lastKnownFileType = sourcecode.c.h; path = CoreMIDIRealTime.h; sourceTree = "<group>"; };
		19E2CC68294DCB2100DFE7F9 /* SingleProducerSingleConsumerQueue.hpp */ = {isa = PBXFileReference; fileEncoding = 4; lastKnownFileType = sourcecode.cpp.h; path = SingleProducerSingleConsumerQueue.hpp; sourceTree = "<group>"; };
		19E2CC7A294DDC1F00DFE7F9 /* CoreMIDIConnection.swift */ = {isa = PBXFileReference; fileEncoding = 4; lastKnownFileType = sourcecode.swift; path = CoreMIDIConnection.swift; sourceTree = "<group>"; };
		19E456C529494ABF0037DF4B /* Chord Analyser.app */ = {isa = PBXFileReference; explicitFileType = wrapper.application; includeInIndex = 0; path = "Chord Analyser.app"; sourceTree = BUILT_PRODUCTS_DIR; };
		19E456C829494ABF0037DF4B /* Chord_AnalyserApp.swift */ = {isa = PBXFileReference; lastKnownFileType = sourcecode.swift; path = Chord_AnalyserApp.swift; sourceTree = "<group>"; };
		19E456CA29494ABF0037DF4B /* KeyboardView.swift */ = {isa = PBXFileReference; lastKnownFileType = sourcecode.swift; path = KeyboardView.swift; sourceTree = "<group>"; };
		19E456CC29494AC00037DF4B /* Assets.xcassets */ = {isa = PBXFileReference; lastKnownFileType = folder.assetcatalog; path = Assets.xcassets; sourceTree = "<group>"; };
		19E456D429494AC00037DF4B /* Chord_Analyser.xcdatamodel */ = {isa = PBXFileReference; lastKnownFileType = wrapper.xcdatamodel; path = Chord_Analyser.xcdatamodel; sourceTree = "<group>"; };
		19E456D629494AC00037DF4B /* Chord_Analyser.entitlements */ = {isa = PBXFileReference; lastKnownFileType = text.plist.entitlements; path = Chord_Analyser.entitlements; sourceTree = "<group>"; };
		19EA6F382A1065BB00F3070E /* VertexDescriptor.swift */ = {isa = PBXFileReference; lastKnownFileType = sourcecode.swift; path = VertexDescriptor.swift; sourceTree = "<group>"; };
		19EA6F3D2A106ACE00F3070E /* lowpoly-house.mtl */ = {isa = PBXFileReference; fileEncoding = 4; lastKnownFileType = text; path = "lowpoly-house.mtl"; sourceTree = "<group>"; };
		19EA6F3E2A106ACE00F3070E /* lowpoly-house.obj */ = {isa = PBXFileReference; fileEncoding = 4; lastKnownFileType = text; path = "lowpoly-house.obj"; sourceTree = "<group>"; };
		19F12BF629A1BB380064B3E7 /* Renderer.swift */ = {isa = PBXFileReference; lastKnownFileType = sourcecode.swift; path = Renderer.swift; sourceTree = "<group>"; };
/* End PBXFileReference section */

/* Begin PBXFrameworksBuildPhase section */
		19E456C229494ABF0037DF4B /* Frameworks */ = {
			isa = PBXFrameworksBuildPhase;
			buildActionMask = 2147483647;
			files = (
				1968308B2983E6CA002232A7 /* DequeModule in Frameworks */,
			);
			runOnlyForDeploymentPostprocessing = 0;
		};
/* End PBXFrameworksBuildPhase section */

/* Begin PBXGroup section */
		194B428F2A125827005FE25C /* Shared */ = {
			isa = PBXGroup;
			children = (
				194B42902A125852005FE25C /* Common.h */,
			);
			path = Shared;
			sourceTree = "<group>";
		};
		196311802A0CD5D900DED30D /* Shaders */ = {
			isa = PBXGroup;
			children = (
				196311812A0CD5F400DED30D /* Shaders.metal */,
			);
			path = Shaders;
			sourceTree = "<group>";
		};
		197CCB4829A0CCC6005BFEC0 /* Metal */ = {
			isa = PBXGroup;
			children = (
				19F12BF629A1BB380064B3E7 /* Renderer.swift */,
				19EA6F382A1065BB00F3070E /* VertexDescriptor.swift */,
			);
			path = Metal;
			sourceTree = "<group>";
		};
		197CCB4A29A0D28C005BFEC0 /* Views */ = {
			isa = PBXGroup;
			children = (
				19E456CA29494ABF0037DF4B /* KeyboardView.swift */,
				197CCB4B29A0D2A8005BFEC0 /* MetalView.swift */,
			);
			path = Views;
			sourceTree = "<group>";
		};
		19D46D942A0DE29F009F6E2F /* Graphics */ = {
			isa = PBXGroup;
			children = (
				194B42912A12600C005FE25C /* GraphicsMathematics.swift */,
				19D46D9D2A0FA627009F6E2F /* GraphicsMesh.swift */,
				19D46D9B2A0FA59D009F6E2F /* GraphicsModel.swift */,
				19D46D9F2A0FA929009F6E2F /* GraphicsSubmesh.swift */,
				19D46D952A0DE2AB009F6E2F /* GraphicsWorld.swift */,
			);
			path = Graphics;
			sourceTree = "<group>";
		};
		19D8E2B1298E2E7B0003B5EC /* Libraries */ = {
			isa = PBXGroup;
			children = (
				196830872983D26F002232A7 /* ChordRecogniser.swift */,
				19E2CC7A294DDC1F00DFE7F9 /* CoreMIDIConnection.swift */,
				1982433D29BEE562001B7B0D /* DissonanceMeasure.swift */,
				19D8E2A2298605880003B5EC /* Miscellaneous.swift */,
				19E2CC62294AB74400DFE7F9 /* Pitch.swift */,
			);
			path = Libraries;
			sourceTree = "<group>";
		};
		19E2CC64294DCAF000DFE7F9 /* Realtime */ = {
			isa = PBXGroup;
			children = (
				19E2CC68294DCB2100DFE7F9 /* SingleProducerSingleConsumerQueue.hpp */,
				19E2CC67294DCB2100DFE7F9 /* CoreMIDIRealTime.h */,
				19E2CC66294DCB2100DFE7F9 /* CoreMIDIRealTime.mm */,
			);
			path = Realtime;
			sourceTree = "<group>";
		};
		19E2CC6A294DD13200DFE7F9 /* Models */ = {
			isa = PBXGroup;
			children = (
				1982433B29BC9692001B7B0D /* KeyboardModel.swift */,
			);
			path = Models;
			sourceTree = "<group>";
		};
		19E456BC29494ABF0037DF4B = {
			isa = PBXGroup;
			children = (
				19E456C729494ABF0037DF4B /* Chord Analyser */,
				19E456C629494ABF0037DF4B /* Products */,
			);
			sourceTree = "<group>";
		};
		19E456C629494ABF0037DF4B /* Products */ = {
			isa = PBXGroup;
			children = (
				19E456C529494ABF0037DF4B /* Chord Analyser.app */,
			);
			name = Products;
			sourceTree = "<group>";
		};
		19E456C729494ABF0037DF4B /* Chord Analyser */ = {
			isa = PBXGroup;
			children = (
				19E456C829494ABF0037DF4B /* Chord_AnalyserApp.swift */,
				19D46D942A0DE29F009F6E2F /* Graphics */,
				19EA6F3B2A106A9900F3070E /* GraphicsModels */,
				19E2CC6A294DD13200DFE7F9 /* Models */,
				197CCB4A29A0D28C005BFEC0 /* Views */,
				19D8E2B1298E2E7B0003B5EC /* Libraries */,
				197CCB4829A0CCC6005BFEC0 /* Metal */,
				19E2CC64294DCAF000DFE7F9 /* Realtime */,
				196311802A0CD5D900DED30D /* Shaders */,
				194B428F2A125827005FE25C /* Shared */,
				19E456D629494AC00037DF4B /* Chord_Analyser.entitlements */,
				191830362982A970002D8FAB /* Chord Analyser-Bridging-Header.h */,
				19E456CC29494AC00037DF4B /* Assets.xcassets */,
				19E456D329494AC00037DF4B /* Chord_Analyser.xcdatamodeld */,
			);
			path = "Chord Analyser";
			sourceTree = "<group>";
		};
		19EA6F3B2A106A9900F3070E /* GraphicsModels */ = {
			isa = PBXGroup;
			children = (
				194B428D2A12171D005FE25C /* train.usd */,
				19EA6F3C2A106ABC00F3070E /* LowPolyHouse */,
			);
			path = GraphicsModels;
			sourceTree = "<group>";
		};
		19EA6F3C2A106ABC00F3070E /* LowPolyHouse */ = {
			isa = PBXGroup;
			children = (
				19EA6F3D2A106ACE00F3070E /* lowpoly-house.mtl */,
				19EA6F3E2A106ACE00F3070E /* lowpoly-house.obj */,
			);
			path = LowPolyHouse;
			sourceTree = "<group>";
		};
/* End PBXGroup section */

/* Begin PBXNativeTarget section */
		19E456C429494ABF0037DF4B /* Chord Analyser */ = {
			isa = PBXNativeTarget;
			buildConfigurationList = 19E456D929494AC00037DF4B /* Build configuration list for PBXNativeTarget "Chord Analyser" */;
			buildPhases = (
				19E456C129494ABF0037DF4B /* Sources */,
				19E456C229494ABF0037DF4B /* Frameworks */,
				19E456C329494ABF0037DF4B /* Resources */,
			);
			buildRules = (
			);
			dependencies = (
			);
			name = "Chord Analyser";
			packageProductDependencies = (
				1968308A2983E6CA002232A7 /* DequeModule */,
			);
			productName = "Chord Analyser";
			productReference = 19E456C529494ABF0037DF4B /* Chord Analyser.app */;
			productType = "com.apple.product-type.application";
		};
/* End PBXNativeTarget section */

/* Begin PBXProject section */
		19E456BD29494ABF0037DF4B /* Project object */ = {
			isa = PBXProject;
			attributes = {
				BuildIndependentTargetsInParallel = 1;
				LastSwiftUpdateCheck = 1410;
				LastUpgradeCheck = 1420;
				TargetAttributes = {
					19E456C429494ABF0037DF4B = {
						CreatedOnToolsVersion = 14.1;
						LastSwiftMigration = 1410;
					};
				};
			};
			buildConfigurationList = 19E456C029494ABF0037DF4B /* Build configuration list for PBXProject "Chord Analyser" */;
			compatibilityVersion = "Xcode 14.0";
			developmentRegion = en;
			hasScannedForEncodings = 0;
			knownRegions = (
				en,
				Base,
			);
			mainGroup = 19E456BC29494ABF0037DF4B;
			packageReferences = (
				196830892983E6CA002232A7 /* XCRemoteSwiftPackageReference "swift-collections" */,
			);
			productRefGroup = 19E456C629494ABF0037DF4B /* Products */;
			projectDirPath = "";
			projectRoot = "";
			targets = (
				19E456C429494ABF0037DF4B /* Chord Analyser */,
			);
		};
/* End PBXProject section */

/* Begin PBXResourcesBuildPhase section */
		19E456C329494ABF0037DF4B /* Resources */ = {
			isa = PBXResourcesBuildPhase;
			buildActionMask = 2147483647;
			files = (
				19E456CD29494AC00037DF4B /* Assets.xcassets in Resources */,
				194B428E2A121783005FE25C /* train.usd in Resources */,
				19EA6F402A106ACE00F3070E /* lowpoly-house.obj in Resources */,
				19EA6F3F2A106ACE00F3070E /* lowpoly-house.mtl in Resources */,
			);
			runOnlyForDeploymentPostprocessing = 0;
		};
/* End PBXResourcesBuildPhase section */

/* Begin PBXSourcesBuildPhase section */
		19E456C129494ABF0037DF4B /* Sources */ = {
			isa = PBXSourcesBuildPhase;
			buildActionMask = 2147483647;
			files = (
				194B428B2A11EDF2005FE25C /* Shaders.metal in Sources */,
				19D46D9C2A0FA59D009F6E2F /* GraphicsModel.swift in Sources */,
				19E456D529494AC00037DF4B /* Chord_Analyser.xcdatamodeld in Sources */,
				19E2CC7B294DDC1F00DFE7F9 /* CoreMIDIConnection.swift in Sources */,
				19E456CB29494ABF0037DF4B /* KeyboardView.swift in Sources */,
				19D46D962A0DE2AB009F6E2F /* GraphicsWorld.swift in Sources */,
				19E456C929494ABF0037DF4B /* Chord_AnalyserApp.swift in Sources */,
				19EA6F392A1065BB00F3070E /* VertexDescriptor.swift in Sources */,
				197CCB4C29A0D2A8005BFEC0 /* MetalView.swift in Sources */,
				19D46DA02A0FA929009F6E2F /* GraphicsSubmesh.swift in Sources */,
				1982433C29BC9692001B7B0D /* KeyboardModel.swift in Sources */,
				19D8E2A3298605880003B5EC /* Miscellaneous.swift in Sources */,
				194B42922A12600C005FE25C /* GraphicsMathematics.swift in Sources */,
				1982433E29BEE562001B7B0D /* DissonanceMeasure.swift in Sources */,
				19E2CC69294DCB2100DFE7F9 /* CoreMIDIRealTime.mm in Sources */,
				19E2CC63294AB74400DFE7F9 /* Pitch.swift in Sources */,
				196830882983D26F002232A7 /* ChordRecogniser.swift in Sources */,
				19D46D9E2A0FA627009F6E2F /* GraphicsMesh.swift in Sources */,
				19F12BF729A1BB380064B3E7 /* Renderer.swift in Sources */,
			);
			runOnlyForDeploymentPostprocessing = 0;
		};
/* End PBXSourcesBuildPhase section */

/* Begin XCBuildConfiguration section */
		19E456D729494AC00037DF4B /* Debug */ = {
			isa = XCBuildConfiguration;
			buildSettings = {
				ALWAYS_SEARCH_USER_PATHS = NO;
				CLANG_ANALYZER_NONNULL = YES;
				CLANG_ANALYZER_NUMBER_OBJECT_CONVERSION = YES_AGGRESSIVE;
				CLANG_CXX_LANGUAGE_STANDARD = "gnu++20";
				CLANG_ENABLE_MODULES = YES;
				CLANG_ENABLE_OBJC_ARC = YES;
				CLANG_ENABLE_OBJC_WEAK = YES;
				CLANG_WARN_BLOCK_CAPTURE_AUTORELEASING = YES;
				CLANG_WARN_BOOL_CONVERSION = YES;
				CLANG_WARN_COMMA = YES;
				CLANG_WARN_CONSTANT_CONVERSION = YES;
				CLANG_WARN_DEPRECATED_OBJC_IMPLEMENTATIONS = YES;
				CLANG_WARN_DIRECT_OBJC_ISA_USAGE = YES_ERROR;
				CLANG_WARN_DOCUMENTATION_COMMENTS = YES;
				CLANG_WARN_EMPTY_BODY = YES;
				CLANG_WARN_ENUM_CONVERSION = YES;
				CLANG_WARN_INFINITE_RECURSION = YES;
				CLANG_WARN_INT_CONVERSION = YES;
				CLANG_WARN_NON_LITERAL_NULL_CONVERSION = YES;
				CLANG_WARN_OBJC_IMPLICIT_RETAIN_SELF = YES;
				CLANG_WARN_OBJC_LITERAL_CONVERSION = YES;
				CLANG_WARN_OBJC_ROOT_CLASS = YES_ERROR;
				CLANG_WARN_QUOTED_INCLUDE_IN_FRAMEWORK_HEADER = YES;
				CLANG_WARN_RANGE_LOOP_ANALYSIS = YES;
				CLANG_WARN_STRICT_PROTOTYPES = YES;
				CLANG_WARN_SUSPICIOUS_MOVE = YES;
				CLANG_WARN_UNGUARDED_AVAILABILITY = YES_AGGRESSIVE;
				CLANG_WARN_UNREACHABLE_CODE = YES;
				CLANG_WARN__DUPLICATE_METHOD_MATCH = YES;
				COPY_PHASE_STRIP = NO;
				DEAD_CODE_STRIPPING = YES;
				DEBUG_INFORMATION_FORMAT = dwarf;
				ENABLE_STRICT_OBJC_MSGSEND = YES;
				ENABLE_TESTABILITY = YES;
				GCC_C_LANGUAGE_STANDARD = gnu11;
				GCC_DYNAMIC_NO_PIC = NO;
				GCC_NO_COMMON_BLOCKS = YES;
				GCC_OPTIMIZATION_LEVEL = 0;
				GCC_PREPROCESSOR_DEFINITIONS = (
					"DEBUG=1",
					"$(inherited)",
				);
				GCC_WARN_64_TO_32_BIT_CONVERSION = YES;
				GCC_WARN_ABOUT_RETURN_TYPE = YES_ERROR;
				GCC_WARN_UNDECLARED_SELECTOR = YES;
				GCC_WARN_UNINITIALIZED_AUTOS = YES_AGGRESSIVE;
				GCC_WARN_UNUSED_FUNCTION = YES;
				GCC_WARN_UNUSED_VARIABLE = YES;
				HEADER_SEARCH_PATHS = "";
				MACOSX_DEPLOYMENT_TARGET = 13.0;
				MTL_ENABLE_DEBUG_INFO = INCLUDE_SOURCE;
				MTL_FAST_MATH = YES;
				MTL_HEADER_SEARCH_PATHS = "";
				ONLY_ACTIVE_ARCH = YES;
				SDKROOT = macosx;
				SWIFT_ACTIVE_COMPILATION_CONDITIONS = DEBUG;
				SWIFT_INSTALL_OBJC_HEADER = YES;
				SWIFT_OBJC_BRIDGING_HEADER = "Chord Analyser/Chord Analyser-Bridging-Header.h";
				SWIFT_OPTIMIZATION_LEVEL = "-Onone";
			};
			name = Debug;
		};
		19E456D829494AC00037DF4B /* Release */ = {
			isa = XCBuildConfiguration;
			buildSettings = {
				ALWAYS_SEARCH_USER_PATHS = NO;
				CLANG_ANALYZER_NONNULL = YES;
				CLANG_ANALYZER_NUMBER_OBJECT_CONVERSION = YES_AGGRESSIVE;
				CLANG_CXX_LANGUAGE_STANDARD = "gnu++20";
				CLANG_ENABLE_MODULES = YES;
				CLANG_ENABLE_OBJC_ARC = YES;
				CLANG_ENABLE_OBJC_WEAK = YES;
				CLANG_WARN_BLOCK_CAPTURE_AUTORELEASING = YES;
				CLANG_WARN_BOOL_CONVERSION = YES;
				CLANG_WARN_COMMA = YES;
				CLANG_WARN_CONSTANT_CONVERSION = YES;
				CLANG_WARN_DEPRECATED_OBJC_IMPLEMENTATIONS = YES;
				CLANG_WARN_DIRECT_OBJC_ISA_USAGE = YES_ERROR;
				CLANG_WARN_DOCUMENTATION_COMMENTS = YES;
				CLANG_WARN_EMPTY_BODY = YES;
				CLANG_WARN_ENUM_CONVERSION = YES;
				CLANG_WARN_INFINITE_RECURSION = YES;
				CLANG_WARN_INT_CONVERSION = YES;
				CLANG_WARN_NON_LITERAL_NULL_CONVERSION = YES;
				CLANG_WARN_OBJC_IMPLICIT_RETAIN_SELF = YES;
				CLANG_WARN_OBJC_LITERAL_CONVERSION = YES;
				CLANG_WARN_OBJC_ROOT_CLASS = YES_ERROR;
				CLANG_WARN_QUOTED_INCLUDE_IN_FRAMEWORK_HEADER = YES;
				CLANG_WARN_RANGE_LOOP_ANALYSIS = YES;
				CLANG_WARN_STRICT_PROTOTYPES = YES;
				CLANG_WARN_SUSPICIOUS_MOVE = YES;
				CLANG_WARN_UNGUARDED_AVAILABILITY = YES_AGGRESSIVE;
				CLANG_WARN_UNREACHABLE_CODE = YES;
				CLANG_WARN__DUPLICATE_METHOD_MATCH = YES;
				COPY_PHASE_STRIP = NO;
				DEAD_CODE_STRIPPING = YES;
				DEBUG_INFORMATION_FORMAT = "dwarf-with-dsym";
				ENABLE_NS_ASSERTIONS = NO;
				ENABLE_STRICT_OBJC_MSGSEND = YES;
				GCC_C_LANGUAGE_STANDARD = gnu11;
				GCC_NO_COMMON_BLOCKS = YES;
				GCC_WARN_64_TO_32_BIT_CONVERSION = YES;
				GCC_WARN_ABOUT_RETURN_TYPE = YES_ERROR;
				GCC_WARN_UNDECLARED_SELECTOR = YES;
				GCC_WARN_UNINITIALIZED_AUTOS = YES_AGGRESSIVE;
				GCC_WARN_UNUSED_FUNCTION = YES;
				GCC_WARN_UNUSED_VARIABLE = YES;
				HEADER_SEARCH_PATHS = "";
				MACOSX_DEPLOYMENT_TARGET = 13.0;
				MTL_ENABLE_DEBUG_INFO = NO;
				MTL_FAST_MATH = YES;
				MTL_HEADER_SEARCH_PATHS = "";
				SDKROOT = macosx;
				SWIFT_COMPILATION_MODE = wholemodule;
				SWIFT_INSTALL_OBJC_HEADER = YES;
				SWIFT_OBJC_BRIDGING_HEADER = "Chord Analyser/Chord Analyser-Bridging-Header.h";
				SWIFT_OPTIMIZATION_LEVEL = "-O";
			};
			name = Release;
		};
		19E456DA29494AC00037DF4B /* Debug */ = {
			isa = XCBuildConfiguration;
			buildSettings = {
				ASSETCATALOG_COMPILER_APPICON_NAME = AppIcon;
				ASSETCATALOG_COMPILER_GLOBAL_ACCENT_COLOR_NAME = AccentColor;
				CLANG_ENABLE_MODULES = YES;
				CODE_SIGN_ENTITLEMENTS = "Chord Analyser/Chord_Analyser.entitlements";
				CODE_SIGN_IDENTITY = "-";
				CODE_SIGN_STYLE = Automatic;
				COMBINE_HIDPI_IMAGES = YES;
				CURRENT_PROJECT_VERSION = 1;
				DEAD_CODE_STRIPPING = YES;
				DEVELOPMENT_ASSET_PATHS = "";
				DEVELOPMENT_TEAM = J2N768J9TX;
				ENABLE_HARDENED_RUNTIME = YES;
				ENABLE_PREVIEWS = YES;
				GENERATE_INFOPLIST_FILE = YES;
				INFOPLIST_KEY_NSHumanReadableCopyright = "";
				LD_RUNPATH_SEARCH_PATHS = (
					"$(inherited)",
					"@executable_path/../Frameworks",
				);
				MACOSX_DEPLOYMENT_TARGET = 13.0;
				MARKETING_VERSION = 1.0;
				PRODUCT_BUNDLE_IDENTIFIER = "jeremylindsay.Chord-Analyser";
				PRODUCT_NAME = "$(TARGET_NAME)";
				SWIFT_EMIT_LOC_STRINGS = YES;
				SWIFT_OBJC_BRIDGING_HEADER = "Chord Analyser/Chord Analyser-Bridging-Header.h";
				SWIFT_OPTIMIZATION_LEVEL = "-Onone";
				SWIFT_VERSION = 5.0;
			};
			name = Debug;
		};
		19E456DB29494AC00037DF4B /* Release */ = {
			isa = XCBuildConfiguration;
			buildSettings = {
				ASSETCATALOG_COMPILER_APPICON_NAME = AppIcon;
				ASSETCATALOG_COMPILER_GLOBAL_ACCENT_COLOR_NAME = AccentColor;
				CLANG_ENABLE_MODULES = YES;
				CODE_SIGN_ENTITLEMENTS = "Chord Analyser/Chord_Analyser.entitlements";
				CODE_SIGN_IDENTITY = "-";
				CODE_SIGN_STYLE = Automatic;
				COMBINE_HIDPI_IMAGES = YES;
				CURRENT_PROJECT_VERSION = 1;
				DEAD_CODE_STRIPPING = YES;
				DEVELOPMENT_ASSET_PATHS = "";
				DEVELOPMENT_TEAM = J2N768J9TX;
				ENABLE_HARDENED_RUNTIME = YES;
				ENABLE_PREVIEWS = YES;
				GENERATE_INFOPLIST_FILE = YES;
				INFOPLIST_KEY_NSHumanReadableCopyright = "";
				LD_RUNPATH_SEARCH_PATHS = (
					"$(inherited)",
					"@executable_path/../Frameworks",
				);
				MACOSX_DEPLOYMENT_TARGET = 13.0;
				MARKETING_VERSION = 1.0;
				PRODUCT_BUNDLE_IDENTIFIER = "jeremylindsay.Chord-Analyser";
				PRODUCT_NAME = "$(TARGET_NAME)";
				SWIFT_EMIT_LOC_STRINGS = YES;
				SWIFT_OBJC_BRIDGING_HEADER = "Chord Analyser/Chord Analyser-Bridging-Header.h";
				SWIFT_VERSION = 5.0;
			};
			name = Release;
		};
/* End XCBuildConfiguration section */

/* Begin XCConfigurationList section */
		19E456C029494ABF0037DF4B /* Build configuration list for PBXProject "Chord Analyser" */ = {
			isa = XCConfigurationList;
			buildConfigurations = (
				19E456D729494AC00037DF4B /* Debug */,
				19E456D829494AC00037DF4B /* Release */,
			);
			defaultConfigurationIsVisible = 0;
			defaultConfigurationName = Release;
		};
		19E456D929494AC00037DF4B /* Build configuration list for PBXNativeTarget "Chord Analyser" */ = {
			isa = XCConfigurationList;
			buildConfigurations = (
				19E456DA29494AC00037DF4B /* Debug */,
				19E456DB29494AC00037DF4B /* Release */,
			);
			defaultConfigurationIsVisible = 0;
			defaultConfigurationName = Release;
		};
/* End XCConfigurationList section */

/* Begin XCRemoteSwiftPackageReference section */
		196830892983E6CA002232A7 /* XCRemoteSwiftPackageReference "swift-collections" */ = {
			isa = XCRemoteSwiftPackageReference;
			repositoryURL = "https://github.com/apple/swift-collections.git";
			requirement = {
				kind = upToNextMajorVersion;
				minimumVersion = 1.0.0;
			};
		};
/* End XCRemoteSwiftPackageReference section */

/* Begin XCSwiftPackageProductDependency section */
		1968308A2983E6CA002232A7 /* DequeModule */ = {
			isa = XCSwiftPackageProductDependency;
			package = 196830892983E6CA002232A7 /* XCRemoteSwiftPackageReference "swift-collections" */;
			productName = DequeModule;
		};
/* End XCSwiftPackageProductDependency section */

/* Begin XCVersionGroup section */
		19E456D329494AC00037DF4B /* Chord_Analyser.xcdatamodeld */ = {
			isa = XCVersionGroup;
			children = (
				19E456D429494AC00037DF4B /* Chord_Analyser.xcdatamodel */,
			);
			currentVersion = 19E456D429494AC00037DF4B /* Chord_Analyser.xcdatamodel */;
			path = Chord_Analyser.xcdatamodeld;
			sourceTree = "<group>";
			versionGroupType = wrapper.xcdatamodel;
		};
/* End XCVersionGroup section */
	};
	rootObject = 19E456BD29494ABF0037DF4B /* Project object */;
}
