// !$*UTF8*$!
{
	archiveVersion = 1;
	classes = {
	};
	objectVersion = 56;
	objects = {

/* Begin PBXBuildFile section */
		196830882983D26F002232A7 /* ChordRecogniser.swift in Sources */ = {isa = PBXBuildFile; fileRef = 196830872983D26F002232A7 /* ChordRecogniser.swift */; };
		1968308B2983E6CA002232A7 /* DequeModule in Frameworks */ = {isa = PBXBuildFile; productRef = 1968308A2983E6CA002232A7 /* DequeModule */; };
		19D8E2A3298605880003B5EC /* Miscellaneous.swift in Sources */ = {isa = PBXBuildFile; fileRef = 19D8E2A2298605880003B5EC /* Miscellaneous.swift */; };
		19D8E2A8298DE69F0003B5EC /* Pitch.mm in Sources */ = {isa = PBXBuildFile; fileRef = 19D8E2A7298DE69F0003B5EC /* Pitch.mm */; };
		19D8E2AF298E128C0003B5EC /* CoreMIDIConnection.mm in Sources */ = {isa = PBXBuildFile; fileRef = 19D8E2AE298E128C0003B5EC /* CoreMIDIConnection.mm */; };
		19E2CC63294AB74400DFE7F9 /* Pitch.swift in Sources */ = {isa = PBXBuildFile; fileRef = 19E2CC62294AB74400DFE7F9 /* Pitch.swift */; };
		19E2CC69294DCB2100DFE7F9 /* CoreMIDIRealTime.mm in Sources */ = {isa = PBXBuildFile; fileRef = 19E2CC66294DCB2100DFE7F9 /* CoreMIDIRealTime.mm */; };
		19E2CC7B294DDC1F00DFE7F9 /* CoreMIDIConnection.swift in Sources */ = {isa = PBXBuildFile; fileRef = 19E2CC7A294DDC1F00DFE7F9 /* CoreMIDIConnection.swift */; };
		19E456C929494ABF0037DF4B /* Chord_AnalyserApp.swift in Sources */ = {isa = PBXBuildFile; fileRef = 19E456C829494ABF0037DF4B /* Chord_AnalyserApp.swift */; };
		19E456CB29494ABF0037DF4B /* ContentView.swift in Sources */ = {isa = PBXBuildFile; fileRef = 19E456CA29494ABF0037DF4B /* ContentView.swift */; };
		19E456CD29494AC00037DF4B /* Assets.xcassets in Resources */ = {isa = PBXBuildFile; fileRef = 19E456CC29494AC00037DF4B /* Assets.xcassets */; };
		19E456D029494AC00037DF4B /* Preview Assets.xcassets in Resources */ = {isa = PBXBuildFile; fileRef = 19E456CF29494AC00037DF4B /* Preview Assets.xcassets */; };
		19E456D529494AC00037DF4B /* Chord_Analyser.xcdatamodeld in Sources */ = {isa = PBXBuildFile; fileRef = 19E456D329494AC00037DF4B /* Chord_Analyser.xcdatamodeld */; };
/* End PBXBuildFile section */

/* Begin PBXFileReference section */
		191830362982A970002D8FAB /* Chord Analyser-Bridging-Header.h */ = {isa = PBXFileReference; fileEncoding = 4; lastKnownFileType = sourcecode.c.h; path = "Chord Analyser-Bridging-Header.h"; sourceTree = "<group>"; };
		196830872983D26F002232A7 /* ChordRecogniser.swift */ = {isa = PBXFileReference; lastKnownFileType = sourcecode.swift; path = ChordRecogniser.swift; sourceTree = "<group>"; };
		19D8E2A2298605880003B5EC /* Miscellaneous.swift */ = {isa = PBXFileReference; lastKnownFileType = sourcecode.swift; path = Miscellaneous.swift; sourceTree = "<group>"; };
		19D8E2A7298DE69F0003B5EC /* Pitch.mm */ = {isa = PBXFileReference; lastKnownFileType = sourcecode.cpp.objcpp; path = Pitch.mm; sourceTree = "<group>"; };
		19D8E2A9298DE6B40003B5EC /* Pitch.hh */ = {isa = PBXFileReference; lastKnownFileType = sourcecode.cpp.h; path = Pitch.hh; sourceTree = "<group>"; };
		19D8E2AE298E128C0003B5EC /* CoreMIDIConnection.mm */ = {isa = PBXFileReference; lastKnownFileType = sourcecode.cpp.objcpp; path = CoreMIDIConnection.mm; sourceTree = "<group>"; };
		19D8E2B0298E12A00003B5EC /* CoreMIDIConnection.h */ = {isa = PBXFileReference; lastKnownFileType = sourcecode.c.h; path = CoreMIDIConnection.h; sourceTree = "<group>"; };
		19E2CC62294AB74400DFE7F9 /* Pitch.swift */ = {isa = PBXFileReference; lastKnownFileType = sourcecode.swift; path = Pitch.swift; sourceTree = "<group>"; };
		19E2CC66294DCB2100DFE7F9 /* CoreMIDIRealTime.mm */ = {isa = PBXFileReference; fileEncoding = 4; lastKnownFileType = sourcecode.cpp.objcpp; path = CoreMIDIRealTime.mm; sourceTree = "<group>"; };
		19E2CC67294DCB2100DFE7F9 /* CoreMIDIRealTime.h */ = {isa = PBXFileReference; fileEncoding = 4; lastKnownFileType = sourcecode.c.h; path = CoreMIDIRealTime.h; sourceTree = "<group>"; };
		19E2CC68294DCB2100DFE7F9 /* SingleProducerSingleConsumerQueue.hpp */ = {isa = PBXFileReference; fileEncoding = 4; lastKnownFileType = sourcecode.cpp.h; path = SingleProducerSingleConsumerQueue.hpp; sourceTree = "<group>"; };
		19E2CC7A294DDC1F00DFE7F9 /* CoreMIDIConnection.swift */ = {isa = PBXFileReference; fileEncoding = 4; lastKnownFileType = sourcecode.swift; path = CoreMIDIConnection.swift; sourceTree = "<group>"; };
		19E456C529494ABF0037DF4B /* Chord Analyser.app */ = {isa = PBXFileReference; explicitFileType = wrapper.application; includeInIndex = 0; path = "Chord Analyser.app"; sourceTree = BUILT_PRODUCTS_DIR; };
		19E456C829494ABF0037DF4B /* Chord_AnalyserApp.swift */ = {isa = PBXFileReference; lastKnownFileType = sourcecode.swift; path = Chord_AnalyserApp.swift; sourceTree = "<group>"; };
		19E456CA29494ABF0037DF4B /* ContentView.swift */ = {isa = PBXFileReference; lastKnownFileType = sourcecode.swift; path = ContentView.swift; sourceTree = "<group>"; };
		19E456CC29494AC00037DF4B /* Assets.xcassets */ = {isa = PBXFileReference; lastKnownFileType = folder.assetcatalog; path = Assets.xcassets; sourceTree = "<group>"; };
		19E456CF29494AC00037DF4B /* Preview Assets.xcassets */ = {isa = PBXFileReference; lastKnownFileType = folder.assetcatalog; path = "Preview Assets.xcassets"; sourceTree = "<group>"; };
		19E456D429494AC00037DF4B /* Chord_Analyser.xcdatamodel */ = {isa = PBXFileReference; lastKnownFileType = wrapper.xcdatamodel; path = Chord_Analyser.xcdatamodel; sourceTree = "<group>"; };
		19E456D629494AC00037DF4B /* Chord_Analyser.entitlements */ = {isa = PBXFileReference; lastKnownFileType = text.plist.entitlements; path = Chord_Analyser.entitlements; sourceTree = "<group>"; };
		19E456E129494C140037DF4B /* CoreMIDIInterface.app */ = {isa = PBXFileReference; explicitFileType = wrapper.application; includeInIndex = 0; path = CoreMIDIInterface.app; sourceTree = BUILT_PRODUCTS_DIR; };
/* End PBXFileReference section */

/* Begin PBXFrameworksBuildPhase section */
		19E456C229494ABF0037DF4B /* Frameworks */ = {
			isa = PBXFrameworksBuildPhase;
			buildActionMask = 2147483647;
			files = (
				1968308B2983E6CA002232A7 /* DequeModule in Frameworks */,
			);
			runOnlyForDeploymentPostprocessing = 0;
		};
		19E456DE29494C140037DF4B /* Frameworks */ = {
			isa = PBXFrameworksBuildPhase;
			buildActionMask = 2147483647;
			files = (
			);
			runOnlyForDeploymentPostprocessing = 0;
		};
/* End PBXFrameworksBuildPhase section */

/* Begin PBXGroup section */
		19D8E2B1298E2E7B0003B5EC /* Libraries */ = {
			isa = PBXGroup;
			children = (
				19D8E2A9298DE6B40003B5EC /* Pitch.hh */,
				19D8E2A7298DE69F0003B5EC /* Pitch.mm */,
				19E2CC62294AB74400DFE7F9 /* Pitch.swift */,
			);
			path = Libraries;
			sourceTree = "<group>";
		};
		19E2CC64294DCAF000DFE7F9 /* Realtime */ = {
			isa = PBXGroup;
			children = (
				19E2CC68294DCB2100DFE7F9 /* SingleProducerSingleConsumerQueue.hpp */,
				19E2CC67294DCB2100DFE7F9 /* CoreMIDIRealTime.h */,
				19E2CC66294DCB2100DFE7F9 /* CoreMIDIRealTime.mm */,
			);
			path = Realtime;
			sourceTree = "<group>";
		};
		19E2CC6A294DD13200DFE7F9 /* Models */ = {
			isa = PBXGroup;
			children = (
				19E2CC7A294DDC1F00DFE7F9 /* CoreMIDIConnection.swift */,
				19D8E2B0298E12A00003B5EC /* CoreMIDIConnection.h */,
				19D8E2AE298E128C0003B5EC /* CoreMIDIConnection.mm */,
			);
			path = Models;
			sourceTree = "<group>";
		};
		19E456BC29494ABF0037DF4B = {
			isa = PBXGroup;
			children = (
				19E456C729494ABF0037DF4B /* Chord Analyser */,
				19E456C629494ABF0037DF4B /* Products */,
			);
			sourceTree = "<group>";
		};
		19E456C629494ABF0037DF4B /* Products */ = {
			isa = PBXGroup;
			children = (
				19E456C529494ABF0037DF4B /* Chord Analyser.app */,
				19E456E129494C140037DF4B /* CoreMIDIInterface.app */,
			);
			name = Products;
			sourceTree = "<group>";
		};
		19E456C729494ABF0037DF4B /* Chord Analyser */ = {
			isa = PBXGroup;
			children = (
				19E456CC29494AC00037DF4B /* Assets.xcassets */,
				19E456D629494AC00037DF4B /* Chord_Analyser.entitlements */,
				19E456D329494AC00037DF4B /* Chord_Analyser.xcdatamodeld */,
				19E456C829494ABF0037DF4B /* Chord_AnalyserApp.swift */,
				191830362982A970002D8FAB /* Chord Analyser-Bridging-Header.h */,
				19E456CA29494ABF0037DF4B /* ContentView.swift */,
				196830872983D26F002232A7 /* ChordRecogniser.swift */,
				19D8E2A2298605880003B5EC /* Miscellaneous.swift */,
				19D8E2B1298E2E7B0003B5EC /* Libraries */,
				19E2CC6A294DD13200DFE7F9 /* Models */,
				19E456CE29494AC00037DF4B /* Preview Content */,
				19E2CC64294DCAF000DFE7F9 /* Realtime */,
			);
			path = "Chord Analyser";
			sourceTree = "<group>";
		};
		19E456CE29494AC00037DF4B /* Preview Content */ = {
			isa = PBXGroup;
			children = (
				19E456CF29494AC00037DF4B /* Preview Assets.xcassets */,
			);
			path = "Preview Content";
			sourceTree = "<group>";
		};
/* End PBXGroup section */

/* Begin PBXNativeTarget section */
		19E456C429494ABF0037DF4B /* Chord Analyser */ = {
			isa = PBXNativeTarget;
			buildConfigurationList = 19E456D929494AC00037DF4B /* Build configuration list for PBXNativeTarget "Chord Analyser" */;
			buildPhases = (
				19E456C129494ABF0037DF4B /* Sources */,
				19E456C229494ABF0037DF4B /* Frameworks */,
				19E456C329494ABF0037DF4B /* Resources */,
			);
			buildRules = (
			);
			dependencies = (
			);
			name = "Chord Analyser";
			packageProductDependencies = (
				1968308A2983E6CA002232A7 /* DequeModule */,
			);
			productName = "Chord Analyser";
			productReference = 19E456C529494ABF0037DF4B /* Chord Analyser.app */;
			productType = "com.apple.product-type.application";
		};
		19E456E029494C140037DF4B /* CoreMIDIInterface */ = {
			isa = PBXNativeTarget;
			buildConfigurationList = 19E456F229494C160037DF4B /* Build configuration list for PBXNativeTarget "CoreMIDIInterface" */;
			buildPhases = (
				19E456DD29494C140037DF4B /* Sources */,
				19E456DE29494C140037DF4B /* Frameworks */,
				19E456DF29494C140037DF4B /* Resources */,
			);
			buildRules = (
			);
			dependencies = (
			);
			name = CoreMIDIInterface;
			productName = CoreMIDIInterface;
			productReference = 19E456E129494C140037DF4B /* CoreMIDIInterface.app */;
			productType = "com.apple.product-type.application";
		};
/* End PBXNativeTarget section */

/* Begin PBXProject section */
		19E456BD29494ABF0037DF4B /* Project object */ = {
			isa = PBXProject;
			attributes = {
				BuildIndependentTargetsInParallel = 1;
				LastSwiftUpdateCheck = 1410;
				LastUpgradeCheck = 1420;
				TargetAttributes = {
					19E456C429494ABF0037DF4B = {
						CreatedOnToolsVersion = 14.1;
						LastSwiftMigration = 1410;
					};
					19E456E029494C140037DF4B = {
						CreatedOnToolsVersion = 14.1;
					};
				};
			};
			buildConfigurationList = 19E456C029494ABF0037DF4B /* Build configuration list for PBXProject "Chord Analyser" */;
			compatibilityVersion = "Xcode 14.0";
			developmentRegion = en;
			hasScannedForEncodings = 0;
			knownRegions = (
				en,
				Base,
			);
			mainGroup = 19E456BC29494ABF0037DF4B;
			packageReferences = (
				196830892983E6CA002232A7 /* XCRemoteSwiftPackageReference "swift-collections" */,
			);
			productRefGroup = 19E456C629494ABF0037DF4B /* Products */;
			projectDirPath = "";
			projectRoot = "";
			targets = (
				19E456C429494ABF0037DF4B /* Chord Analyser */,
				19E456E029494C140037DF4B /* CoreMIDIInterface */,
			);
		};
/* End PBXProject section */

/* Begin PBXResourcesBuildPhase section */
		19E456C329494ABF0037DF4B /* Resources */ = {
			isa = PBXResourcesBuildPhase;
			buildActionMask = 2147483647;
			files = (
				19E456D029494AC00037DF4B /* Preview Assets.xcassets in Resources */,
				19E456CD29494AC00037DF4B /* Assets.xcassets in Resources */,
			);
			runOnlyForDeploymentPostprocessing = 0;
		};
		19E456DF29494C140037DF4B /* Resources */ = {
			isa = PBXResourcesBuildPhase;
			buildActionMask = 2147483647;
			files = (
			);
			runOnlyForDeploymentPostprocessing = 0;
		};
/* End PBXResourcesBuildPhase section */

/* Begin PBXSourcesBuildPhase section */
		19E456C129494ABF0037DF4B /* Sources */ = {
			isa = PBXSourcesBuildPhase;
			buildActionMask = 2147483647;
			files = (
				19D8E2A8298DE69F0003B5EC /* Pitch.mm in Sources */,
				19E456D529494AC00037DF4B /* Chord_Analyser.xcdatamodeld in Sources */,
				19E2CC7B294DDC1F00DFE7F9 /* CoreMIDIConnection.swift in Sources */,
				19E456CB29494ABF0037DF4B /* ContentView.swift in Sources */,
				19E456C929494ABF0037DF4B /* Chord_AnalyserApp.swift in Sources */,
				19D8E2AF298E128C0003B5EC /* CoreMIDIConnection.mm in Sources */,
				19D8E2A3298605880003B5EC /* Miscellaneous.swift in Sources */,
				19E2CC69294DCB2100DFE7F9 /* CoreMIDIRealTime.mm in Sources */,
				19E2CC63294AB74400DFE7F9 /* Pitch.swift in Sources */,
				196830882983D26F002232A7 /* ChordRecogniser.swift in Sources */,
			);
			runOnlyForDeploymentPostprocessing = 0;
		};
		19E456DD29494C140037DF4B /* Sources */ = {
			isa = PBXSourcesBuildPhase;
			buildActionMask = 2147483647;
			files = (
			);
			runOnlyForDeploymentPostprocessing = 0;
		};
/* End PBXSourcesBuildPhase section */

/* Begin XCBuildConfiguration section */
		19E456D729494AC00037DF4B /* Debug */ = {
			isa = XCBuildConfiguration;
			buildSettings = {
				ALWAYS_SEARCH_USER_PATHS = NO;
				CLANG_ANALYZER_NONNULL = YES;
				CLANG_ANALYZER_NUMBER_OBJECT_CONVERSION = YES_AGGRESSIVE;
				CLANG_CXX_LANGUAGE_STANDARD = "gnu++20";
				CLANG_ENABLE_MODULES = YES;
				CLANG_ENABLE_OBJC_ARC = YES;
				CLANG_ENABLE_OBJC_WEAK = YES;
				CLANG_WARN_BLOCK_CAPTURE_AUTORELEASING = YES;
				CLANG_WARN_BOOL_CONVERSION = YES;
				CLANG_WARN_COMMA = YES;
				CLANG_WARN_CONSTANT_CONVERSION = YES;
				CLANG_WARN_DEPRECATED_OBJC_IMPLEMENTATIONS = YES;
				CLANG_WARN_DIRECT_OBJC_ISA_USAGE = YES_ERROR;
				CLANG_WARN_DOCUMENTATION_COMMENTS = YES;
				CLANG_WARN_EMPTY_BODY = YES;
				CLANG_WARN_ENUM_CONVERSION = YES;
				CLANG_WARN_INFINITE_RECURSION = YES;
				CLANG_WARN_INT_CONVERSION = YES;
				CLANG_WARN_NON_LITERAL_NULL_CONVERSION = YES;
				CLANG_WARN_OBJC_IMPLICIT_RETAIN_SELF = YES;
				CLANG_WARN_OBJC_LITERAL_CONVERSION = YES;
				CLANG_WARN_OBJC_ROOT_CLASS = YES_ERROR;
				CLANG_WARN_QUOTED_INCLUDE_IN_FRAMEWORK_HEADER = YES;
				CLANG_WARN_RANGE_LOOP_ANALYSIS = YES;
				CLANG_WARN_STRICT_PROTOTYPES = YES;
				CLANG_WARN_SUSPICIOUS_MOVE = YES;
				CLANG_WARN_UNGUARDED_AVAILABILITY = YES_AGGRESSIVE;
				CLANG_WARN_UNREACHABLE_CODE = YES;
				CLANG_WARN__DUPLICATE_METHOD_MATCH = YES;
				COPY_PHASE_STRIP = NO;
				DEAD_CODE_STRIPPING = YES;
				DEBUG_INFORMATION_FORMAT = dwarf;
				ENABLE_STRICT_OBJC_MSGSEND = YES;
				ENABLE_TESTABILITY = YES;
				GCC_C_LANGUAGE_STANDARD = gnu11;
				GCC_DYNAMIC_NO_PIC = NO;
				GCC_NO_COMMON_BLOCKS = YES;
				GCC_OPTIMIZATION_LEVEL = 0;
				GCC_PREPROCESSOR_DEFINITIONS = (
					"DEBUG=1",
					"$(inherited)",
				);
				GCC_WARN_64_TO_32_BIT_CONVERSION = YES;
				GCC_WARN_ABOUT_RETURN_TYPE = YES_ERROR;
				GCC_WARN_UNDECLARED_SELECTOR = YES;
				GCC_WARN_UNINITIALIZED_AUTOS = YES_AGGRESSIVE;
				GCC_WARN_UNUSED_FUNCTION = YES;
				GCC_WARN_UNUSED_VARIABLE = YES;
				MACOSX_DEPLOYMENT_TARGET = 13.0;
				MTL_ENABLE_DEBUG_INFO = INCLUDE_SOURCE;
				MTL_FAST_MATH = YES;
				ONLY_ACTIVE_ARCH = YES;
				SDKROOT = macosx;
				SWIFT_ACTIVE_COMPILATION_CONDITIONS = DEBUG;
				SWIFT_OPTIMIZATION_LEVEL = "-Onone";
			};
			name = Debug;
		};
		19E456D829494AC00037DF4B /* Release */ = {
			isa = XCBuildConfiguration;
			buildSettings = {
				ALWAYS_SEARCH_USER_PATHS = NO;
				CLANG_ANALYZER_NONNULL = YES;
				CLANG_ANALYZER_NUMBER_OBJECT_CONVERSION = YES_AGGRESSIVE;
				CLANG_CXX_LANGUAGE_STANDARD = "gnu++20";
				CLANG_ENABLE_MODULES = YES;
				CLANG_ENABLE_OBJC_ARC = YES;
				CLANG_ENABLE_OBJC_WEAK = YES;
				CLANG_WARN_BLOCK_CAPTURE_AUTORELEASING = YES;
				CLANG_WARN_BOOL_CONVERSION = YES;
				CLANG_WARN_COMMA = YES;
				CLANG_WARN_CONSTANT_CONVERSION = YES;
				CLANG_WARN_DEPRECATED_OBJC_IMPLEMENTATIONS = YES;
				CLANG_WARN_DIRECT_OBJC_ISA_USAGE = YES_ERROR;
				CLANG_WARN_DOCUMENTATION_COMMENTS = YES;
				CLANG_WARN_EMPTY_BODY = YES;
				CLANG_WARN_ENUM_CONVERSION = YES;
				CLANG_WARN_INFINITE_RECURSION = YES;
				CLANG_WARN_INT_CONVERSION = YES;
				CLANG_WARN_NON_LITERAL_NULL_CONVERSION = YES;
				CLANG_WARN_OBJC_IMPLICIT_RETAIN_SELF = YES;
				CLANG_WARN_OBJC_LITERAL_CONVERSION = YES;
				CLANG_WARN_OBJC_ROOT_CLASS = YES_ERROR;
				CLANG_WARN_QUOTED_INCLUDE_IN_FRAMEWORK_HEADER = YES;
				CLANG_WARN_RANGE_LOOP_ANALYSIS = YES;
				CLANG_WARN_STRICT_PROTOTYPES = YES;
				CLANG_WARN_SUSPICIOUS_MOVE = YES;
				CLANG_WARN_UNGUARDED_AVAILABILITY = YES_AGGRESSIVE;
				CLANG_WARN_UNREACHABLE_CODE = YES;
				CLANG_WARN__DUPLICATE_METHOD_MATCH = YES;
				COPY_PHASE_STRIP = NO;
				DEAD_CODE_STRIPPING = YES;
				DEBUG_INFORMATION_FORMAT = "dwarf-with-dsym";
				ENABLE_NS_ASSERTIONS = NO;
				ENABLE_STRICT_OBJC_MSGSEND = YES;
				GCC_C_LANGUAGE_STANDARD = gnu11;
				GCC_NO_COMMON_BLOCKS = YES;
				GCC_WARN_64_TO_32_BIT_CONVERSION = YES;
				GCC_WARN_ABOUT_RETURN_TYPE = YES_ERROR;
				GCC_WARN_UNDECLARED_SELECTOR = YES;
				GCC_WARN_UNINITIALIZED_AUTOS = YES_AGGRESSIVE;
				GCC_WARN_UNUSED_FUNCTION = YES;
				GCC_WARN_UNUSED_VARIABLE = YES;
				MACOSX_DEPLOYMENT_TARGET = 13.0;
				MTL_ENABLE_DEBUG_INFO = NO;
				MTL_FAST_MATH = YES;
				SDKROOT = macosx;
				SWIFT_COMPILATION_MODE = wholemodule;
				SWIFT_OPTIMIZATION_LEVEL = "-O";
			};
			name = Release;
		};
		19E456DA29494AC00037DF4B /* Debug */ = {
			isa = XCBuildConfiguration;
			buildSettings = {
				ASSETCATALOG_COMPILER_APPICON_NAME = AppIcon;
				ASSETCATALOG_COMPILER_GLOBAL_ACCENT_COLOR_NAME = AccentColor;
				CLANG_ENABLE_MODULES = YES;
				CODE_SIGN_ENTITLEMENTS = "Chord Analyser/Chord_Analyser.entitlements";
				CODE_SIGN_IDENTITY = "-";
				CODE_SIGN_STYLE = Automatic;
				COMBINE_HIDPI_IMAGES = YES;
				CURRENT_PROJECT_VERSION = 1;
				DEAD_CODE_STRIPPING = YES;
				DEVELOPMENT_ASSET_PATHS = "\"Chord Analyser/Preview Content\"";
				DEVELOPMENT_TEAM = J2N768J9TX;
				ENABLE_HARDENED_RUNTIME = YES;
				ENABLE_PREVIEWS = YES;
				GENERATE_INFOPLIST_FILE = YES;
				INFOPLIST_KEY_NSHumanReadableCopyright = "";
				LD_RUNPATH_SEARCH_PATHS = (
					"$(inherited)",
					"@executable_path/../Frameworks",
				);
				MACOSX_DEPLOYMENT_TARGET = 13.0;
				MARKETING_VERSION = 1.0;
				PRODUCT_BUNDLE_IDENTIFIER = "jeremylindsay.Chord-Analyser";
				PRODUCT_NAME = "$(TARGET_NAME)";
				SWIFT_EMIT_LOC_STRINGS = YES;
				SWIFT_OBJC_BRIDGING_HEADER = "Chord Analyser/Chord Analyser-Bridging-Header.h";
				SWIFT_OPTIMIZATION_LEVEL = "-Onone";
				SWIFT_VERSION = 5.0;
			};
			name = Debug;
		};
		19E456DB29494AC00037DF4B /* Release */ = {
			isa = XCBuildConfiguration;
			buildSettings = {
				ASSETCATALOG_COMPILER_APPICON_NAME = AppIcon;
				ASSETCATALOG_COMPILER_GLOBAL_ACCENT_COLOR_NAME = AccentColor;
				CLANG_ENABLE_MODULES = YES;
				CODE_SIGN_ENTITLEMENTS = "Chord Analyser/Chord_Analyser.entitlements";
				CODE_SIGN_IDENTITY = "-";
				CODE_SIGN_STYLE = Automatic;
				COMBINE_HIDPI_IMAGES = YES;
				CURRENT_PROJECT_VERSION = 1;
				DEAD_CODE_STRIPPING = YES;
				DEVELOPMENT_ASSET_PATHS = "\"Chord Analyser/Preview Content\"";
				DEVELOPMENT_TEAM = J2N768J9TX;
				ENABLE_HARDENED_RUNTIME = YES;
				ENABLE_PREVIEWS = YES;
				GENERATE_INFOPLIST_FILE = YES;
				INFOPLIST_KEY_NSHumanReadableCopyright = "";
				LD_RUNPATH_SEARCH_PATHS = (
					"$(inherited)",
					"@executable_path/../Frameworks",
				);
				MACOSX_DEPLOYMENT_TARGET = 13.0;
				MARKETING_VERSION = 1.0;
				PRODUCT_BUNDLE_IDENTIFIER = "jeremylindsay.Chord-Analyser";
				PRODUCT_NAME = "$(TARGET_NAME)";
				SWIFT_EMIT_LOC_STRINGS = YES;
				SWIFT_OBJC_BRIDGING_HEADER = "Chord Analyser/Chord Analyser-Bridging-Header.h";
				SWIFT_VERSION = 5.0;
			};
			name = Release;
		};
		19E456F329494C160037DF4B /* Debug */ = {
			isa = XCBuildConfiguration;
			buildSettings = {
				ASSETCATALOG_COMPILER_APPICON_NAME = AppIcon;
				ASSETCATALOG_COMPILER_GLOBAL_ACCENT_COLOR_NAME = AccentColor;
				CODE_SIGN_ENTITLEMENTS = CoreMIDIInterface/CoreMIDIInterface.entitlements;
				CODE_SIGN_IDENTITY = "-";
				CODE_SIGN_STYLE = Automatic;
				COMBINE_HIDPI_IMAGES = YES;
				CURRENT_PROJECT_VERSION = 1;
				DEAD_CODE_STRIPPING = YES;
				DEVELOPMENT_ASSET_PATHS = "\"CoreMIDIInterface/Preview Content\"";
				DEVELOPMENT_TEAM = J2N768J9TX;
				ENABLE_HARDENED_RUNTIME = YES;
				ENABLE_PREVIEWS = YES;
				GENERATE_INFOPLIST_FILE = YES;
				INFOPLIST_KEY_NSHumanReadableCopyright = "";
				LD_RUNPATH_SEARCH_PATHS = (
					"$(inherited)",
					"@executable_path/../Frameworks",
				);
				MARKETING_VERSION = 1.0;
				PRODUCT_BUNDLE_IDENTIFIER = jeremylindsay.CoreMIDIInterface;
				PRODUCT_NAME = "$(TARGET_NAME)";
				SWIFT_EMIT_LOC_STRINGS = YES;
				SWIFT_VERSION = 5.0;
			};
			name = Debug;
		};
		19E456F429494C160037DF4B /* Release */ = {
			isa = XCBuildConfiguration;
			buildSettings = {
				ASSETCATALOG_COMPILER_APPICON_NAME = AppIcon;
				ASSETCATALOG_COMPILER_GLOBAL_ACCENT_COLOR_NAME = AccentColor;
				CODE_SIGN_ENTITLEMENTS = CoreMIDIInterface/CoreMIDIInterface.entitlements;
				CODE_SIGN_IDENTITY = "-";
				CODE_SIGN_STYLE = Automatic;
				COMBINE_HIDPI_IMAGES = YES;
				CURRENT_PROJECT_VERSION = 1;
				DEAD_CODE_STRIPPING = YES;
				DEVELOPMENT_ASSET_PATHS = "\"CoreMIDIInterface/Preview Content\"";
				DEVELOPMENT_TEAM = J2N768J9TX;
				ENABLE_HARDENED_RUNTIME = YES;
				ENABLE_PREVIEWS = YES;
				GENERATE_INFOPLIST_FILE = YES;
				INFOPLIST_KEY_NSHumanReadableCopyright = "";
				LD_RUNPATH_SEARCH_PATHS = (
					"$(inherited)",
					"@executable_path/../Frameworks",
				);
				MARKETING_VERSION = 1.0;
				PRODUCT_BUNDLE_IDENTIFIER = jeremylindsay.CoreMIDIInterface;
				PRODUCT_NAME = "$(TARGET_NAME)";
				SWIFT_EMIT_LOC_STRINGS = YES;
				SWIFT_VERSION = 5.0;
			};
			name = Release;
		};
/* End XCBuildConfiguration section */

/* Begin XCConfigurationList section */
		19E456C029494ABF0037DF4B /* Build configuration list for PBXProject "Chord Analyser" */ = {
			isa = XCConfigurationList;
			buildConfigurations = (
				19E456D729494AC00037DF4B /* Debug */,
				19E456D829494AC00037DF4B /* Release */,
			);
			defaultConfigurationIsVisible = 0;
			defaultConfigurationName = Release;
		};
		19E456D929494AC00037DF4B /* Build configuration list for PBXNativeTarget "Chord Analyser" */ = {
			isa = XCConfigurationList;
			buildConfigurations = (
				19E456DA29494AC00037DF4B /* Debug */,
				19E456DB29494AC00037DF4B /* Release */,
			);
			defaultConfigurationIsVisible = 0;
			defaultConfigurationName = Release;
		};
		19E456F229494C160037DF4B /* Build configuration list for PBXNativeTarget "CoreMIDIInterface" */ = {
			isa = XCConfigurationList;
			buildConfigurations = (
				19E456F329494C160037DF4B /* Debug */,
				19E456F429494C160037DF4B /* Release */,
			);
			defaultConfigurationIsVisible = 0;
			defaultConfigurationName = Release;
		};
/* End XCConfigurationList section */

/* Begin XCRemoteSwiftPackageReference section */
		196830892983E6CA002232A7 /* XCRemoteSwiftPackageReference "swift-collections" */ = {
			isa = XCRemoteSwiftPackageReference;
			repositoryURL = "https://github.com/apple/swift-collections.git";
			requirement = {
				kind = upToNextMajorVersion;
				minimumVersion = 1.0.0;
			};
		};
/* End XCRemoteSwiftPackageReference section */

/* Begin XCSwiftPackageProductDependency section */
		1968308A2983E6CA002232A7 /* DequeModule */ = {
			isa = XCSwiftPackageProductDependency;
			package = 196830892983E6CA002232A7 /* XCRemoteSwiftPackageReference "swift-collections" */;
			productName = DequeModule;
		};
/* End XCSwiftPackageProductDependency section */

/* Begin XCVersionGroup section */
		19E456D329494AC00037DF4B /* Chord_Analyser.xcdatamodeld */ = {
			isa = XCVersionGroup;
			children = (
				19E456D429494AC00037DF4B /* Chord_Analyser.xcdatamodel */,
			);
			currentVersion = 19E456D429494AC00037DF4B /* Chord_Analyser.xcdatamodel */;
			path = Chord_Analyser.xcdatamodeld;
			sourceTree = "<group>";
			versionGroupType = wrapper.xcdatamodel;
		};
/* End XCVersionGroup section */
	};
	rootObject = 19E456BD29494ABF0037DF4B /* Project object */;
}
